
Microsoft Visual Studio Solution File, Format Version 12.00
# Visual Studio Version 16
VisualStudioVersion = 25.0.1700.5
MinimumVisualStudioVersion = 10.0.40219.1
Project("{FAE04EC0-301F-11D3-BF4B-00C04F79EFBC}") = "SimpleEmailApp", "SimpleEmailApp.csproj", "{C010D026-B383-4F8C-BCA9-8E1C3072CC03}"
EndProject
Global
	GlobalSection(SolutionConfigurationPlatforms) = preSolution
		Debug|Any CPU = Debug|Any CPU
		Release|Any CPU = Release|Any CPU
	EndGlobalSection
	GlobalSection(ProjectConfigurationPlatforms) = postSolution
		{C010D026-B383-4F8C-BCA9-8E1C3072CC03}.Debug|Any CPU.ActiveCfg = Debug|Any CPU
		{C010D026-B383-4F8C-BCA9-8E1C3072CC03}.Debug|Any CPU.Build.0 = Debug|Any CPU
		{C010D026-B383-4F8C-BCA9-8E1C3072CC03}.Release|Any CPU.ActiveCfg = Release|Any CPU
		{C010D026-B383-4F8C-BCA9-8E1C3072CC03}.Release|Any CPU.Build.0 = Release|Any CPU
	EndGlobalSection
	GlobalSection(SolutionProperties) = preSolution
		HideSolutionNode = FALSE
	EndGlobalSection
	GlobalSection(ExtensibilityGlobals) = postSolution
		SolutionGuid = {33B31D3A-67E7-4EC7-B7B5-D20151715ECE}
	EndGlobalSection
EndGlobal
